
Microsoft Visual Studio Solution File, Format Version 12.00
Project("{FAE04EC0-301F-11D3-BF4B-00C04F79EFBC}") = "SampleDocApi", "SampleDocApi\SampleDocApi.csproj", "{E79B4DA5-4A1B-4EF4-BBDD-03663122D4B2}"
EndProject
Project("{FAE04EC0-301F-11D3-BF4B-00C04F79EFBC}") = "SampleDocApi.Tests", "SampleDocApi.Tests\SampleDocApi.Tests.csproj", "{5C6E4D68-2274-415A-83A2-093369CF4134}"
EndProject
Global
	GlobalSection(SolutionConfigurationPlatforms) = preSolution
		Debug|Any CPU = Debug|Any CPU
		Release|Any CPU = Release|Any CPU
	EndGlobalSection
	GlobalSection(ProjectConfigurationPlatforms) = postSolution
		{E79B4DA5-4A1B-4EF4-BBDD-03663122D4B2}.Debug|Any CPU.ActiveCfg = Debug|Any CPU
		{E79B4DA5-4A1B-4EF4-BBDD-03663122D4B2}.Debug|Any CPU.Build.0 = Debug|Any CPU
		{E79B4DA5-4A1B-4EF4-BBDD-03663122D4B2}.Release|Any CPU.ActiveCfg = Release|Any CPU
		{E79B4DA5-4A1B-4EF4-BBDD-03663122D4B2}.Release|Any CPU.Build.0 = Release|Any CPU
		{5C6E4D68-2274-415A-83A2-093369CF4134}.Debug|Any CPU.ActiveCfg = Debug|Any CPU
		{5C6E4D68-2274-415A-83A2-093369CF4134}.Debug|Any CPU.Build.0 = Debug|Any CPU
		{5C6E4D68-2274-415A-83A2-093369CF4134}.Release|Any CPU.ActiveCfg = Release|Any CPU
		{5C6E4D68-2274-415A-83A2-093369CF4134}.Release|Any CPU.Build.0 = Release|Any CPU
	EndGlobalSection
EndGlobal
